
Microsoft Visual Studio Solution File, Format Version 12.00
# Visual Studio Version 16
VisualStudioVersion = 16.0.31605.320
MinimumVisualStudioVersion = 10.0.40219.1
Project("{FAE04EC0-301F-11D3-BF4B-00C04F79EFBC}") = "01_TiposDeDatos", "01_TiposDeDatos.csproj", "{FF630184-C1A3-4BF1-A8BE-BF7ADE0FBEDC}"
EndProject
Global
	GlobalSection(SolutionConfigurationPlatforms) = preSolution
		Debug|Any CPU = Debug|Any CPU
		Release|Any CPU = Release|Any CPU
	EndGlobalSection
	GlobalSection(ProjectConfigurationPlatforms) = postSolution
		{FF630184-C1A3-4BF1-A8BE-BF7ADE0FBEDC}.Debug|Any CPU.ActiveCfg = Debug|Any CPU
		{FF630184-C1A3-4BF1-A8BE-BF7ADE0FBEDC}.Debug|Any CPU.Build.0 = Debug|Any CPU
		{FF630184-C1A3-4BF1-A8BE-BF7ADE0FBEDC}.Release|Any CPU.ActiveCfg = Release|Any CPU
		{FF630184-C1A3-4BF1-A8BE-BF7ADE0FBEDC}.Release|Any CPU.Build.0 = Release|Any CPU
	EndGlobalSection
	GlobalSection(SolutionProperties) = preSolution
		HideSolutionNode = FALSE
	EndGlobalSection
	GlobalSection(ExtensibilityGlobals) = postSolution
		SolutionGuid = {F4D6A183-A267-47A8-A1CF-036237E68B95}
	EndGlobalSection
EndGlobal
